
Microsoft Visual Studio Solution File, Format Version 12.00
# Visual Studio Version 16
VisualStudioVersion = 16.0.30907.101
MinimumVisualStudioVersion = 10.0.40219.1
Project("{FAE04EC0-301F-11D3-BF4B-00C04F79EFBC}") = "VowelsReplace", "VowelsReplace\VowelsReplace.csproj", "{58FB083C-0FAA-4216-AFC2-19220682C11F}"
EndProject
Global
	GlobalSection(SolutionConfigurationPlatforms) = preSolution
		Debug|Any CPU = Debug|Any CPU
		Release|Any CPU = Release|Any CPU
	EndGlobalSection
	GlobalSection(ProjectConfigurationPlatforms) = postSolution
		{58FB083C-0FAA-4216-AFC2-19220682C11F}.Debug|Any CPU.ActiveCfg = Debug|Any CPU
		{58FB083C-0FAA-4216-AFC2-19220682C11F}.Debug|Any CPU.Build.0 = Debug|Any CPU
		{58FB083C-0FAA-4216-AFC2-19220682C11F}.Release|Any CPU.ActiveCfg = Release|Any CPU
		{58FB083C-0FAA-4216-AFC2-19220682C11F}.Release|Any CPU.Build.0 = Release|Any CPU
	EndGlobalSection
	GlobalSection(SolutionProperties) = preSolution
		HideSolutionNode = FALSE
	EndGlobalSection
	GlobalSection(ExtensibilityGlobals) = postSolution
		SolutionGuid = {3B86BCCA-69F8-42D4-89CD-31A47DE9E90D}
	EndGlobalSection
EndGlobal
